// !$*UTF8*$!
{
	archiveVersion = 1;
	classes = {
	};
	objectVersion = 51;
	objects = {

/* Begin PBXBuildFile section */
		DF496AEC211E76020059EE2C /* main.c in Sources */ = {isa = PBXBuildFile; fileRef = DF496AEB211E76020059EE2C /* main.c */; };
		DFE300C5211E5B89000E188E /* main.swift in Sources */ = {isa = PBXBuildFile; fileRef = DFE300C4211E5B89000E188E /* main.swift */; };
		DFE300CD211E5BFC000E188E /* plugin_load.m in Sources */ = {isa = PBXBuildFile; fileRef = DFE300CC211E5BFC000E188E /* plugin_load.m */; };
/* End PBXBuildFile section */

/* Begin PBXCopyFilesBuildPhase section */
		DFE300BF211E5B89000E188E /* CopyFiles */ = {
			isa = PBXCopyFilesBuildPhase;
			buildActionMask = 2147483647;
			dstPath = /usr/share/man/man1/;
			dstSubfolderSpec = 0;
			files = (
			);
			runOnlyForDeploymentPostprocessing = 1;
		};
/* End PBXCopyFilesBuildPhase section */

/* Begin PBXFileReference section */
		DF05113E212621A000B993BA /* plugin_load.h */ = {isa = PBXFileReference; lastKnownFileType = sourcecode.c.h; path = plugin_load.h; sourceTree = "<group>"; };
		DF496AEA211E76020059EE2C /* main.h */ = {isa = PBXFileReference; lastKnownFileType = sourcecode.c.h; path = main.h; sourceTree = "<group>"; };
		DF496AEB211E76020059EE2C /* main.c */ = {isa = PBXFileReference; lastKnownFileType = sourcecode.c.c; path = main.c; sourceTree = "<group>"; };
		DFD69E6F2126633300532B79 /* sendbutton.so */ = {isa = PBXFileReference; lastKnownFileType = "compiled.mach-o.bundle"; name = sendbutton.so; path = ../../../../../usr/local/Cellar/pidgin/2.13.0_2/lib/pidgin/sendbutton.so; sourceTree = "<group>"; };
		DFD69E702126633300532B79 /* history.so */ = {isa = PBXFileReference; lastKnownFileType = "compiled.mach-o.bundle"; name = history.so; path = ../../../../../usr/local/Cellar/pidgin/2.13.0_2/lib/pidgin/history.so; sourceTree = "<group>"; };
		DFD69E712126633300532B79 /* relnot.so */ = {isa = PBXFileReference; lastKnownFileType = "compiled.mach-o.bundle"; name = relnot.so; path = ../../../../../usr/local/Cellar/pidgin/2.13.0_2/lib/pidgin/relnot.so; sourceTree = "<group>"; };
		DFD69E722126633300532B79 /* themeedit.so */ = {isa = PBXFileReference; lastKnownFileType = "compiled.mach-o.bundle"; name = themeedit.so; path = ../../../../../usr/local/Cellar/pidgin/2.13.0_2/lib/pidgin/themeedit.so; sourceTree = "<group>"; };
		DFD69E732126633300532B79 /* notify.so */ = {isa = PBXFileReference; lastKnownFileType = "compiled.mach-o.bundle"; name = notify.so; path = ../../../../../usr/local/Cellar/pidgin/2.13.0_2/lib/pidgin/notify.so; sourceTree = "<group>"; };
		DFD69E742126633300532B79 /* convcolors.so */ = {isa = PBXFileReference; lastKnownFileType = "compiled.mach-o.bundle"; name = convcolors.so; path = ../../../../../usr/local/Cellar/pidgin/2.13.0_2/lib/pidgin/convcolors.so; sourceTree = "<group>"; };
		DFD69E752126633300532B79 /* markerline.so */ = {isa = PBXFileReference; lastKnownFileType = "compiled.mach-o.bundle"; name = markerline.so; path = ../../../../../usr/local/Cellar/pidgin/2.13.0_2/lib/pidgin/markerline.so; sourceTree = "<group>"; };
		DFD69E762126633300532B79 /* gtkbuddynote.so */ = {isa = PBXFileReference; lastKnownFileType = "compiled.mach-o.bundle"; name = gtkbuddynote.so; path = ../../../../../usr/local/Cellar/pidgin/2.13.0_2/lib/pidgin/gtkbuddynote.so; sourceTree = "<group>"; };
		DFD69E772126633300532B79 /* timestamp_format.so */ = {isa = PBXFileReference; lastKnownFileType = "compiled.mach-o.bundle"; name = timestamp_format.so; path = ../../../../../usr/local/Cellar/pidgin/2.13.0_2/lib/pidgin/timestamp_format.so; sourceTree = "<group>"; };
		DFD69E782126633300532B79 /* xmppdisco.so */ = {isa = PBXFileReference; lastKnownFileType = "compiled.mach-o.bundle"; name = xmppdisco.so; path = ../../../../../usr/local/Cellar/pidgin/2.13.0_2/lib/pidgin/xmppdisco.so; sourceTree = "<group>"; };
		DFD69E792126633300532B79 /* iconaway.so */ = {isa = PBXFileReference; lastKnownFileType = "compiled.mach-o.bundle"; name = iconaway.so; path = ../../../../../usr/local/Cellar/pidgin/2.13.0_2/lib/pidgin/iconaway.so; sourceTree = "<group>"; };
		DFD69E7A2126633300532B79 /* extplacement.so */ = {isa = PBXFileReference; lastKnownFileType = "compiled.mach-o.bundle"; name = extplacement.so; path = ../../../../../usr/local/Cellar/pidgin/2.13.0_2/lib/pidgin/extplacement.so; sourceTree = "<group>"; };
		DFD69E7B2126633300532B79 /* spellchk.so */ = {isa = PBXFileReference; lastKnownFileType = "compiled.mach-o.bundle"; name = spellchk.so; path = ../../../../../usr/local/Cellar/pidgin/2.13.0_2/lib/pidgin/spellchk.so; sourceTree = "<group>"; };
		DFD69E7C2126633300532B79 /* ticker.so */ = {isa = PBXFileReference; lastKnownFileType = "compiled.mach-o.bundle"; name = ticker.so; path = ../../../../../usr/local/Cellar/pidgin/2.13.0_2/lib/pidgin/ticker.so; sourceTree = "<group>"; };
		DFD69E7D2126633300532B79 /* pidginrc.so */ = {isa = PBXFileReference; lastKnownFileType = "compiled.mach-o.bundle"; name = pidginrc.so; path = ../../../../../usr/local/Cellar/pidgin/2.13.0_2/lib/pidgin/pidginrc.so; sourceTree = "<group>"; };
		DFD69E7E2126633300532B79 /* timestamp.so */ = {isa = PBXFileReference; lastKnownFileType = "compiled.mach-o.bundle"; name = timestamp.so; path = ../../../../../usr/local/Cellar/pidgin/2.13.0_2/lib/pidgin/timestamp.so; sourceTree = "<group>"; };
		DFD69E7F2126633300532B79 /* transparency.so */ = {isa = PBXFileReference; lastKnownFileType = "compiled.mach-o.bundle"; name = transparency.so; path = ../../../../../usr/local/Cellar/pidgin/2.13.0_2/lib/pidgin/transparency.so; sourceTree = "<group>"; };
		DFD69E802126633300532B79 /* pidgin-otr.so */ = {isa = PBXFileReference; lastKnownFileType = "compiled.mach-o.bundle"; name = "pidgin-otr.so"; path = "../../../../../usr/local/Cellar/pidgin/2.13.0_2/lib/pidgin/pidgin-otr.so"; sourceTree = "<group>"; };
		DFD69E812126633300532B79 /* xmppconsole.so */ = {isa = PBXFileReference; lastKnownFileType = "compiled.mach-o.bundle"; name = xmppconsole.so; path = ../../../../../usr/local/Cellar/pidgin/2.13.0_2/lib/pidgin/xmppconsole.so; sourceTree = "<group>"; };
		DFD69E95212663A100532B79 /* lib */ = {isa = PBXFileReference; lastKnownFileType = folder; name = lib; path = ../../../../../usr/local/Cellar/pidgin/2.13.0_2/lib; sourceTree = "<group>"; };
		DFD69E972126699A00532B79 /* pidgin */ = {isa = PBXFileReference; lastKnownFileType = "compiled.mach-o.executable"; name = pidgin; path = ../../../../../usr/local/Cellar/pidgin/2.13.0_2/bin/pidgin; sourceTree = "<group>"; };
		DFE300C1211E5B89000E188E /* Pidgin MacOS Integration */ = {isa = PBXFileReference; explicitFileType = "compiled.mach-o.executable"; includeInIndex = 0; path = "Pidgin MacOS Integration"; sourceTree = BUILT_PRODUCTS_DIR; };
		DFE300C4211E5B89000E188E /* main.swift */ = {isa = PBXFileReference; lastKnownFileType = sourcecode.swift; path = main.swift; sourceTree = "<group>"; };
		DFE300CB211E5BFC000E188E /* Pidgin MacOS Integration-Bridging-Header.h */ = {isa = PBXFileReference; lastKnownFileType = sourcecode.c.h; path = "Pidgin MacOS Integration-Bridging-Header.h"; sourceTree = "<group>"; };
		DFE300CC211E5BFC000E188E /* plugin_load.m */ = {isa = PBXFileReference; lastKnownFileType = sourcecode.c.objc; path = plugin_load.m; sourceTree = "<group>"; };
/* End PBXFileReference section */

/* Begin PBXFrameworksBuildPhase section */
		DFE300BE211E5B89000E188E /* Frameworks */ = {
			isa = PBXFrameworksBuildPhase;
			buildActionMask = 2147483647;
			files = (
			);
			runOnlyForDeploymentPostprocessing = 0;
		};
/* End PBXFrameworksBuildPhase section */

/* Begin PBXGroup section */
		DFD69E6E2126633300532B79 /* Frameworks */ = {
			isa = PBXGroup;
			children = (
				DFD69E972126699A00532B79 /* pidgin */,
				DFD69E95212663A100532B79 /* lib */,
				DFD69E742126633300532B79 /* convcolors.so */,
				DFD69E7A2126633300532B79 /* extplacement.so */,
				DFD69E762126633300532B79 /* gtkbuddynote.so */,
				DFD69E702126633300532B79 /* history.so */,
				DFD69E792126633300532B79 /* iconaway.so */,
				DFD69E752126633300532B79 /* markerline.so */,
				DFD69E732126633300532B79 /* notify.so */,
				DFD69E802126633300532B79 /* pidgin-otr.so */,
				DFD69E7D2126633300532B79 /* pidginrc.so */,
				DFD69E712126633300532B79 /* relnot.so */,
				DFD69E6F2126633300532B79 /* sendbutton.so */,
				DFD69E7B2126633300532B79 /* spellchk.so */,
				DFD69E722126633300532B79 /* themeedit.so */,
				DFD69E7C2126633300532B79 /* ticker.so */,
				DFD69E772126633300532B79 /* timestamp_format.so */,
				DFD69E7E2126633300532B79 /* timestamp.so */,
				DFD69E7F2126633300532B79 /* transparency.so */,
				DFD69E812126633300532B79 /* xmppconsole.so */,
				DFD69E782126633300532B79 /* xmppdisco.so */,
			);
			name = Frameworks;
			sourceTree = "<group>";
		};
		DFE300B8211E5B89000E188E = {
			isa = PBXGroup;
			children = (
				DFE300C3211E5B89000E188E /* Pidgin MacOS Integration */,
				DFE300C2211E5B89000E188E /* Products */,
				DFE300CB211E5BFC000E188E /* Pidgin MacOS Integration-Bridging-Header.h */,
				DFD69E6E2126633300532B79 /* Frameworks */,
			);
			sourceTree = "<group>";
		};
		DFE300C2211E5B89000E188E /* Products */ = {
			isa = PBXGroup;
			children = (
				DFE300C1211E5B89000E188E /* Pidgin MacOS Integration */,
			);
			name = Products;
			sourceTree = "<group>";
		};
		DFE300C3211E5B89000E188E /* Pidgin MacOS Integration */ = {
			isa = PBXGroup;
			children = (
				DFE300CC211E5BFC000E188E /* plugin_load.m */,
				DF05113E212621A000B993BA /* plugin_load.h */,
				DFE300C4211E5B89000E188E /* main.swift */,
				DF496AEA211E76020059EE2C /* main.h */,
				DF496AEB211E76020059EE2C /* main.c */,
			);
			path = "Pidgin MacOS Integration";
			sourceTree = "<group>";
		};
/* End PBXGroup section */

/* Begin PBXNativeTarget section */
		DFE300C0211E5B89000E188E /* Pidgin MacOS Integration */ = {
			isa = PBXNativeTarget;
			buildConfigurationList = DFE300C8211E5B89000E188E /* Build configuration list for PBXNativeTarget "Pidgin MacOS Integration" */;
			buildPhases = (
				DFE300BD211E5B89000E188E /* Sources */,
				DFE300BE211E5B89000E188E /* Frameworks */,
				DFE300BF211E5B89000E188E /* CopyFiles */,
			);
			buildRules = (
			);
			dependencies = (
			);
			name = "Pidgin MacOS Integration";
			productName = "Pidgin MacOS Integration";
			productReference = DFE300C1211E5B89000E188E /* Pidgin MacOS Integration */;
			productType = "com.apple.product-type.tool";
		};
/* End PBXNativeTarget section */

/* Begin PBXProject section */
		DFE300B9211E5B89000E188E /* Project object */ = {
			isa = PBXProject;
			attributes = {
				LastSwiftUpdateCheck = 1000;
				LastUpgradeCheck = 1000;
				ORGANIZATIONNAME = Agalin;
				TargetAttributes = {
					DFE300C0211E5B89000E188E = {
						CreatedOnToolsVersion = 10.0;
						LastSwiftMigration = 1000;
					};
				};
			};
			buildConfigurationList = DFE300BC211E5B89000E188E /* Build configuration list for PBXProject "Pidgin MacOS Integration" */;
			compatibilityVersion = "Xcode 10.0";
			developmentRegion = en;
			hasScannedForEncodings = 0;
			knownRegions = (
				en,
			);
			mainGroup = DFE300B8211E5B89000E188E;
			productRefGroup = DFE300C2211E5B89000E188E /* Products */;
			projectDirPath = "";
			projectRoot = "";
			targets = (
				DFE300C0211E5B89000E188E /* Pidgin MacOS Integration */,
			);
		};
/* End PBXProject section */

/* Begin PBXSourcesBuildPhase section */
		DFE300BD211E5B89000E188E /* Sources */ = {
			isa = PBXSourcesBuildPhase;
			buildActionMask = 2147483647;
			files = (
				DFE300C5211E5B89000E188E /* main.swift in Sources */,
				DFE300CD211E5BFC000E188E /* plugin_load.m in Sources */,
				DF496AEC211E76020059EE2C /* main.c in Sources */,
			);
			runOnlyForDeploymentPostprocessing = 0;
		};
/* End PBXSourcesBuildPhase section */

/* Begin XCBuildConfiguration section */
		DFE300C6211E5B89000E188E /* Debug */ = {
			isa = XCBuildConfiguration;
			buildSettings = {
				ALWAYS_SEARCH_USER_PATHS = NO;
				CLANG_ANALYZER_NONNULL = YES;
				CLANG_ANALYZER_NUMBER_OBJECT_CONVERSION = YES_AGGRESSIVE;
				CLANG_CXX_LANGUAGE_STANDARD = "gnu++14";
				CLANG_CXX_LIBRARY = "libc++";
				CLANG_ENABLE_MODULES = YES;
				CLANG_ENABLE_OBJC_ARC = YES;
				CLANG_ENABLE_OBJC_WEAK = YES;
				CLANG_WARN_BLOCK_CAPTURE_AUTORELEASING = YES;
				CLANG_WARN_BOOL_CONVERSION = YES;
				CLANG_WARN_COMMA = YES;
				CLANG_WARN_CONSTANT_CONVERSION = YES;
				CLANG_WARN_DEPRECATED_OBJC_IMPLEMENTATIONS = YES;
				CLANG_WARN_DIRECT_OBJC_ISA_USAGE = YES_ERROR;
				CLANG_WARN_DOCUMENTATION_COMMENTS = YES;
				CLANG_WARN_EMPTY_BODY = YES;
				CLANG_WARN_ENUM_CONVERSION = YES;
				CLANG_WARN_INFINITE_RECURSION = YES;
				CLANG_WARN_INT_CONVERSION = YES;
				CLANG_WARN_NON_LITERAL_NULL_CONVERSION = YES;
				CLANG_WARN_OBJC_IMPLICIT_RETAIN_SELF = YES;
				CLANG_WARN_OBJC_LITERAL_CONVERSION = YES;
				CLANG_WARN_OBJC_ROOT_CLASS = YES_ERROR;
				CLANG_WARN_RANGE_LOOP_ANALYSIS = YES;
				CLANG_WARN_STRICT_PROTOTYPES = YES;
				CLANG_WARN_SUSPICIOUS_MOVE = YES;
				CLANG_WARN_UNGUARDED_AVAILABILITY = YES_AGGRESSIVE;
				CLANG_WARN_UNREACHABLE_CODE = YES;
				CLANG_WARN__DUPLICATE_METHOD_MATCH = YES;
				CODE_SIGN_IDENTITY = "-";
				COPY_PHASE_STRIP = NO;
				DEBUG_INFORMATION_FORMAT = dwarf;
				ENABLE_STRICT_OBJC_MSGSEND = YES;
				ENABLE_TESTABILITY = YES;
				GCC_C_LANGUAGE_STANDARD = gnu11;
				GCC_DYNAMIC_NO_PIC = NO;
				GCC_NO_COMMON_BLOCKS = YES;
				GCC_OPTIMIZATION_LEVEL = 0;
				GCC_PREPROCESSOR_DEFINITIONS = (
					"DEBUG=1",
					"$(inherited)",
				);
				GCC_WARN_64_TO_32_BIT_CONVERSION = YES;
				GCC_WARN_ABOUT_RETURN_TYPE = YES_ERROR;
				GCC_WARN_UNDECLARED_SELECTOR = YES;
				GCC_WARN_UNINITIALIZED_AUTOS = YES_AGGRESSIVE;
				GCC_WARN_UNUSED_FUNCTION = YES;
				GCC_WARN_UNUSED_VARIABLE = YES;
				MACOSX_DEPLOYMENT_TARGET = 10.13;
				MTL_ENABLE_DEBUG_INFO = INCLUDE_SOURCE;
				MTL_FAST_MATH = YES;
				ONLY_ACTIVE_ARCH = YES;
				SDKROOT = macosx;
				SWIFT_ACTIVE_COMPILATION_CONDITIONS = DEBUG;
				SWIFT_OPTIMIZATION_LEVEL = "-Onone";
			};
			name = Debug;
		};
		DFE300C7211E5B89000E188E /* Release */ = {
			isa = XCBuildConfiguration;
			buildSettings = {
				ALWAYS_SEARCH_USER_PATHS = NO;
				CLANG_ANALYZER_NONNULL = YES;
				CLANG_ANALYZER_NUMBER_OBJECT_CONVERSION = YES_AGGRESSIVE;
				CLANG_CXX_LANGUAGE_STANDARD = "gnu++14";
				CLANG_CXX_LIBRARY = "libc++";
				CLANG_ENABLE_MODULES = YES;
				CLANG_ENABLE_OBJC_ARC = YES;
				CLANG_ENABLE_OBJC_WEAK = YES;
				CLANG_WARN_BLOCK_CAPTURE_AUTORELEASING = YES;
				CLANG_WARN_BOOL_CONVERSION = YES;
				CLANG_WARN_COMMA = YES;
				CLANG_WARN_CONSTANT_CONVERSION = YES;
				CLANG_WARN_DEPRECATED_OBJC_IMPLEMENTATIONS = YES;
				CLANG_WARN_DIRECT_OBJC_ISA_USAGE = YES_ERROR;
				CLANG_WARN_DOCUMENTATION_COMMENTS = YES;
				CLANG_WARN_EMPTY_BODY = YES;
				CLANG_WARN_ENUM_CONVERSION = YES;
				CLANG_WARN_INFINITE_RECURSION = YES;
				CLANG_WARN_INT_CONVERSION = YES;
				CLANG_WARN_NON_LITERAL_NULL_CONVERSION = YES;
				CLANG_WARN_OBJC_IMPLICIT_RETAIN_SELF = YES;
				CLANG_WARN_OBJC_LITERAL_CONVERSION = YES;
				CLANG_WARN_OBJC_ROOT_CLASS = YES_ERROR;
				CLANG_WARN_RANGE_LOOP_ANALYSIS = YES;
				CLANG_WARN_STRICT_PROTOTYPES = YES;
				CLANG_WARN_SUSPICIOUS_MOVE = YES;
				CLANG_WARN_UNGUARDED_AVAILABILITY = YES_AGGRESSIVE;
				CLANG_WARN_UNREACHABLE_CODE = YES;
				CLANG_WARN__DUPLICATE_METHOD_MATCH = YES;
				CODE_SIGN_IDENTITY = "-";
				COPY_PHASE_STRIP = NO;
				DEBUG_INFORMATION_FORMAT = "dwarf-with-dsym";
				ENABLE_NS_ASSERTIONS = NO;
				ENABLE_STRICT_OBJC_MSGSEND = YES;
				GCC_C_LANGUAGE_STANDARD = gnu11;
				GCC_NO_COMMON_BLOCKS = YES;
				GCC_WARN_64_TO_32_BIT_CONVERSION = YES;
				GCC_WARN_ABOUT_RETURN_TYPE = YES_ERROR;
				GCC_WARN_UNDECLARED_SELECTOR = YES;
				GCC_WARN_UNINITIALIZED_AUTOS = YES_AGGRESSIVE;
				GCC_WARN_UNUSED_FUNCTION = YES;
				GCC_WARN_UNUSED_VARIABLE = YES;
				MACOSX_DEPLOYMENT_TARGET = 10.13;
				MTL_ENABLE_DEBUG_INFO = NO;
				MTL_FAST_MATH = YES;
				SDKROOT = macosx;
				SWIFT_COMPILATION_MODE = wholemodule;
				SWIFT_OPTIMIZATION_LEVEL = "-O";
			};
			name = Release;
		};
		DFE300C9211E5B89000E188E /* Debug */ = {
			isa = XCBuildConfiguration;
			buildSettings = {
				CLANG_ENABLE_MODULES = YES;
				CODE_SIGN_STYLE = Automatic;
				GCC_PREPROCESSOR_DEFINITIONS = (
					_REENTRAN,
					MAC_INTEGRATION,
					"DEFAULT_TEXT_DOMAIN='\"pidgin\"'",
				);
				HEADER_SEARCH_PATHS = /usr/local/Cellar/pidgin/2.13.0_2/include/libpurple/;
				LD_DYLIB_INSTALL_NAME = pidgin_macos_integration;
				LD_RUNPATH_SEARCH_PATHS = "$(inherited) @executable_path/../Frameworks @loader_path/../Frameworks";
				LIBRARY_SEARCH_PATHS = (
					"/usr/local/Cellar/pidgin/2.13.0_2/lib/**",
					/usr/local/Cellar/glib/2.56.1/lib/,
					"/usr/local/Cellar/gtk-mac-integration/2.1.2/lib/",
					"/usr/local/Cellar/gtk+/2.24.32_2/lib/",
					"/usr/local/Cellar/cairo/1.14.12/lib/**",
					"/usr/local/Cellar/pango/1.42.3/lib/**",
					"/usr/local/Cellar/gdk-pixbuf/2.36.12/lib/**",
					"/usr/local/Cellar/atk/2.28.1_2/lib/**",
					/usr/local/Cellar/pidgin/2.13.0_2/bin,
				);
				MACH_O_TYPE = mh_bundle;
				MACOSX_DEPLOYMENT_TARGET = 10.13;
				OTHER_LDFLAGS = (
					"-lglib-2.0",
					"-lpurple",
					"-lgobject-2.0",
					"-lgtkmacintegration-gtk2",
					"-lcairo-gobject",
					"-lgtkmacintegration-gtk2",
					"-lgtk-quartz-2.0",
					"-lgdk-quartz-2.0",
					"-lpangocairo-1.0",
					"-lpango-1.0",
					"-latk-1.0",
					"-lcairo",
					"-lgdk_pixbuf-2.0",
					"-lgio-2.0",
					"-lgobject-2.0",
					"-lglib-2.0",
					"-bundle_loader",
					/usr/local/bin/pidgin,
				);
				PRODUCT_NAME = "${TARGET_NAME}";
				SWIFT_OBJC_BRIDGING_HEADER = "Pidgin MacOS Integration-Bridging-Header.h";
				SWIFT_OPTIMIZATION_LEVEL = "-Onone";
				SWIFT_VERSION = 4.2;
				SYSTEM_HEADER_SEARCH_PATHS = "/usr/local/Cellar/glib/2.56.1/include/** /usr/local/Cellar/glib/2.56.1/lib/glib-2.0/include/ /usr/local/Cellar/gtk-mac-integration/2.1.2/include/** /usr/local/Cellar/gtk+/2.24.32_2/include/** /usr/local/Cellar/gtk+/2.24.32_2/lib/gtk-2.0/include/** /usr/local/Cellar/cairo/1.14.12/include/** /usr/local/Cellar/pango/1.42.3/include/** /usr/local/Cellar/gdk-pixbuf/2.36.12/include/** /usr/local/Cellar/atk/2.28.1_2/include/** /usr/local/Cellar/pidgin/2.13.0_2/include/**";
			};
			name = Debug;
		};
		DFE300CA211E5B89000E188E /* Release */ = {
			isa = XCBuildConfiguration;
			buildSettings = {
				CLANG_ENABLE_MODULES = YES;
				CODE_SIGN_STYLE = Automatic;
				GCC_PREPROCESSOR_DEFINITIONS = (
					_REENTRAN,
					MAC_INTEGRATION,
					"DEFAULT_TEXT_DOMAIN='\"pidgin\"'",
				);
				HEADER_SEARCH_PATHS = /usr/local/Cellar/pidgin/2.13.0_2/include/libpurple/;
				LD_DYLIB_INSTALL_NAME = pidgin_macos_integration;
				LD_RUNPATH_SEARCH_PATHS = "$(inherited) @executable_path/../Frameworks @loader_path/../Frameworks";
				LIBRARY_SEARCH_PATHS = (
					"/usr/local/Cellar/pidgin/2.13.0_2/lib/**",
					/usr/local/Cellar/glib/2.56.1/lib/,
					"/usr/local/Cellar/gtk-mac-integration/2.1.2/lib/",
					"/usr/local/Cellar/gtk+/2.24.32_2/lib/",
					"/usr/local/Cellar/cairo/1.14.12/lib/**",
					"/usr/local/Cellar/pango/1.42.3/lib/**",
					"/usr/local/Cellar/gdk-pixbuf/2.36.12/lib/**",
					"/usr/local/Cellar/atk/2.28.1_2/lib/**",
					/usr/local/Cellar/pidgin/2.13.0_2/bin,
				);
				MACH_O_TYPE = mh_bundle;
				MACOSX_DEPLOYMENT_TARGET = 10.13;
				ONLY_ACTIVE_ARCH = YES;
				OTHER_LDFLAGS = (
					"-lglib-2.0",
					"-lpurple",
					"-lgobject-2.0",
					"-lgtkmacintegration-gtk2",
					"-lcairo-gobject",
					"-lgtkmacintegration-gtk2",
					"-lgtk-quartz-2.0",
					"-lgdk-quartz-2.0",
					"-lpangocairo-1.0",
					"-lpango-1.0",
					"-latk-1.0",
					"-lcairo",
					"-lgdk_pixbuf-2.0",
					"-lgio-2.0",
					"-lgobject-2.0",
					"-lglib-2.0",
					"-bundle_loader",
					/usr/local/bin/pidgin,
				);
				PRODUCT_NAME = "${TARGET_NAME}";
				SWIFT_OBJC_BRIDGING_HEADER = "Pidgin MacOS Integration-Bridging-Header.h";
				SWIFT_VERSION = 4.2;
				SYSTEM_HEADER_SEARCH_PATHS = "/usr/local/Cellar/glib/2.56.1/include/** /usr/local/Cellar/glib/2.56.1/lib/glib-2.0/include/ /usr/local/Cellar/gtk-mac-integration/2.1.2/include/** /usr/local/Cellar/gtk+/2.24.32_2/include/** /usr/local/Cellar/gtk+/2.24.32_2/lib/gtk-2.0/include/** /usr/local/Cellar/cairo/1.14.12/include/** /usr/local/Cellar/pango/1.42.3/include/** /usr/local/Cellar/gdk-pixbuf/2.36.12/include/** /usr/local/Cellar/atk/2.28.1_2/include/** /usr/local/Cellar/pidgin/2.13.0_2/include/**";
			};
			name = Release;
		};
/* End XCBuildConfiguration section */

/* Begin XCConfigurationList section */
		DFE300BC211E5B89000E188E /* Build configuration list for PBXProject "Pidgin MacOS Integration" */ = {
			isa = XCConfigurationList;
			buildConfigurations = (
				DFE300C6211E5B89000E188E /* Debug */,
				DFE300C7211E5B89000E188E /* Release */,
			);
			defaultConfigurationIsVisible = 0;
			defaultConfigurationName = Release;
		};
		DFE300C8211E5B89000E188E /* Build configuration list for PBXNativeTarget "Pidgin MacOS Integration" */ = {
			isa = XCConfigurationList;
			buildConfigurations = (
				DFE300C9211E5B89000E188E /* Debug */,
				DFE300CA211E5B89000E188E /* Release */,
			);
			defaultConfigurationIsVisible = 0;
			defaultConfigurationName = Release;
		};
/* End XCConfigurationList section */
	};
	rootObject = DFE300B9211E5B89000E188E /* Project object */;
}
